
Microsoft Visual Studio Solution File, Format Version 12.00
# Visual Studio Version 17
VisualStudioVersion = 17.7.34024.191
MinimumVisualStudioVersion = 10.0.40219.1
Project("{54A90642-561A-4BB1-A94E-469ADEE60C69}") = "angularapp", "angularapp\angularapp.esproj", "{AA58807C-D3B1-48CA-A311-3EB464897DDE}"
EndProject
Project("{9A19103F-16F7-4668-BE54-9A1E7A4F7556}") = "webapi", "webapi\webapi.csproj", "{7058F042-D9A7-49C0-A802-76DE2C234773}"
EndProject
Global
	GlobalSection(SolutionConfigurationPlatforms) = preSolution
		Debug|Any CPU = Debug|Any CPU
		Release|Any CPU = Release|Any CPU
	EndGlobalSection
	GlobalSection(ProjectConfigurationPlatforms) = postSolution
		{AA58807C-D3B1-48CA-A311-3EB464897DDE}.Debug|Any CPU.ActiveCfg = Debug|Any CPU
		{AA58807C-D3B1-48CA-A311-3EB464897DDE}.Debug|Any CPU.Build.0 = Debug|Any CPU
		{AA58807C-D3B1-48CA-A311-3EB464897DDE}.Debug|Any CPU.Deploy.0 = Debug|Any CPU
		{AA58807C-D3B1-48CA-A311-3EB464897DDE}.Release|Any CPU.ActiveCfg = Release|Any CPU
		{AA58807C-D3B1-48CA-A311-3EB464897DDE}.Release|Any CPU.Build.0 = Release|Any CPU
		{AA58807C-D3B1-48CA-A311-3EB464897DDE}.Release|Any CPU.Deploy.0 = Release|Any CPU
		{7058F042-D9A7-49C0-A802-76DE2C234773}.Debug|Any CPU.ActiveCfg = Debug|Any CPU
		{7058F042-D9A7-49C0-A802-76DE2C234773}.Debug|Any CPU.Build.0 = Debug|Any CPU
		{7058F042-D9A7-49C0-A802-76DE2C234773}.Release|Any CPU.ActiveCfg = Release|Any CPU
		{7058F042-D9A7-49C0-A802-76DE2C234773}.Release|Any CPU.Build.0 = Release|Any CPU
	EndGlobalSection
	GlobalSection(SolutionProperties) = preSolution
		HideSolutionNode = FALSE
	EndGlobalSection
	GlobalSection(ExtensibilityGlobals) = postSolution
		SolutionGuid = {4EFA7D7B-D951-4A47-B442-FDD4D46E73AB}
	EndGlobalSection
EndGlobal
